
Microsoft Visual Studio Solution File, Format Version 12.00
# Visual Studio 14
VisualStudioVersion = 14.0.25420.1
MinimumVisualStudioVersion = 10.0.40219.1
Project("{FAE04EC0-301F-11D3-BF4B-00C04F79EFBC}") = "KUDWebAPI", "KUDWebAPI\KUDWebAPI.csproj", "{1C3273E6-8249-4658-B260-6E7A1B968B49}"
EndProject
Project("{FAE04EC0-301F-11D3-BF4B-00C04F79EFBC}") = "EmployeeAPI", "EmployeeAPI\EmployeeAPI.csproj", "{D47C17AA-4F73-4026-B048-5BEA44ABD154}"
EndProject
Project("{FAE04EC0-301F-11D3-BF4B-00C04F79EFBC}") = "EmployeeDAL", "EmployeeDAL\EmployeeDAL.csproj", "{E9E0ED88-AB0C-48FC-8A97-4EC9D079CD9B}"
EndProject
Project("{FAE04EC0-301F-11D3-BF4B-00C04F79EFBC}") = "KUDWebTokensNew", "KUDWebTokensNew\KUDWebTokensNew.csproj", "{73CDB91D-5691-4F6A-B458-2980B794B636}"
EndProject
Global
	GlobalSection(SolutionConfigurationPlatforms) = preSolution
		Debug|Any CPU = Debug|Any CPU
		Release|Any CPU = Release|Any CPU
	EndGlobalSection
	GlobalSection(ProjectConfigurationPlatforms) = postSolution
		{1C3273E6-8249-4658-B260-6E7A1B968B49}.Debug|Any CPU.ActiveCfg = Debug|Any CPU
		{1C3273E6-8249-4658-B260-6E7A1B968B49}.Debug|Any CPU.Build.0 = Debug|Any CPU
		{1C3273E6-8249-4658-B260-6E7A1B968B49}.Release|Any CPU.ActiveCfg = Release|Any CPU
		{1C3273E6-8249-4658-B260-6E7A1B968B49}.Release|Any CPU.Build.0 = Release|Any CPU
		{D47C17AA-4F73-4026-B048-5BEA44ABD154}.Debug|Any CPU.ActiveCfg = Debug|Any CPU
		{D47C17AA-4F73-4026-B048-5BEA44ABD154}.Debug|Any CPU.Build.0 = Debug|Any CPU
		{D47C17AA-4F73-4026-B048-5BEA44ABD154}.Release|Any CPU.ActiveCfg = Release|Any CPU
		{D47C17AA-4F73-4026-B048-5BEA44ABD154}.Release|Any CPU.Build.0 = Release|Any CPU
		{E9E0ED88-AB0C-48FC-8A97-4EC9D079CD9B}.Debug|Any CPU.ActiveCfg = Debug|Any CPU
		{E9E0ED88-AB0C-48FC-8A97-4EC9D079CD9B}.Debug|Any CPU.Build.0 = Debug|Any CPU
		{E9E0ED88-AB0C-48FC-8A97-4EC9D079CD9B}.Release|Any CPU.ActiveCfg = Release|Any CPU
		{E9E0ED88-AB0C-48FC-8A97-4EC9D079CD9B}.Release|Any CPU.Build.0 = Release|Any CPU
		{73CDB91D-5691-4F6A-B458-2980B794B636}.Debug|Any CPU.ActiveCfg = Debug|Any CPU
		{73CDB91D-5691-4F6A-B458-2980B794B636}.Debug|Any CPU.Build.0 = Debug|Any CPU
		{73CDB91D-5691-4F6A-B458-2980B794B636}.Release|Any CPU.ActiveCfg = Release|Any CPU
		{73CDB91D-5691-4F6A-B458-2980B794B636}.Release|Any CPU.Build.0 = Release|Any CPU
	EndGlobalSection
	GlobalSection(SolutionProperties) = preSolution
		HideSolutionNode = FALSE
	EndGlobalSection
EndGlobal
